
Microsoft Visual Studio Solution File, Format Version 12.00
# Visual Studio Version 17
VisualStudioVersion = 17.2.32505.173
MinimumVisualStudioVersion = 10.0.40219.1
Project("{9A19103F-16F7-4668-BE54-9A1E7A4F7556}") = "AsbtractFactory", "AsbtractFactory\AsbtractFactory.csproj", "{3866E0EB-3289-4825-9FB9-E3C42981F7B4}"
	ProjectSection(ProjectDependencies) = postProject
		{DB4037F3-E1DD-4B7E-9672-899624E67655} = {DB4037F3-E1DD-4B7E-9672-899624E67655}
	EndProjectSection
EndProject
Project("{9A19103F-16F7-4668-BE54-9A1E7A4F7556}") = "Classes", "Classes\Classes.csproj", "{DB4037F3-E1DD-4B7E-9672-899624E67655}"
EndProject
Project("{FAE04EC0-301F-11D3-BF4B-00C04F79EFBC}") = "Builder", "Builder\Builder.csproj", "{0FB04E53-FD5E-4744-8334-57AD7556DDED}"
	ProjectSection(ProjectDependencies) = postProject
		{DB4037F3-E1DD-4B7E-9672-899624E67655} = {DB4037F3-E1DD-4B7E-9672-899624E67655}
	EndProjectSection
EndProject
Global
	GlobalSection(SolutionConfigurationPlatforms) = preSolution
		Debug|Any CPU = Debug|Any CPU
		Release|Any CPU = Release|Any CPU
	EndGlobalSection
	GlobalSection(ProjectConfigurationPlatforms) = postSolution
		{3866E0EB-3289-4825-9FB9-E3C42981F7B4}.Debug|Any CPU.ActiveCfg = Debug|Any CPU
		{3866E0EB-3289-4825-9FB9-E3C42981F7B4}.Debug|Any CPU.Build.0 = Debug|Any CPU
		{3866E0EB-3289-4825-9FB9-E3C42981F7B4}.Release|Any CPU.ActiveCfg = Release|Any CPU
		{3866E0EB-3289-4825-9FB9-E3C42981F7B4}.Release|Any CPU.Build.0 = Release|Any CPU
		{DB4037F3-E1DD-4B7E-9672-899624E67655}.Debug|Any CPU.ActiveCfg = Debug|Any CPU
		{DB4037F3-E1DD-4B7E-9672-899624E67655}.Debug|Any CPU.Build.0 = Debug|Any CPU
		{DB4037F3-E1DD-4B7E-9672-899624E67655}.Release|Any CPU.ActiveCfg = Release|Any CPU
		{DB4037F3-E1DD-4B7E-9672-899624E67655}.Release|Any CPU.Build.0 = Release|Any CPU
		{0FB04E53-FD5E-4744-8334-57AD7556DDED}.Debug|Any CPU.ActiveCfg = Debug|Any CPU
		{0FB04E53-FD5E-4744-8334-57AD7556DDED}.Debug|Any CPU.Build.0 = Debug|Any CPU
		{0FB04E53-FD5E-4744-8334-57AD7556DDED}.Release|Any CPU.ActiveCfg = Release|Any CPU
		{0FB04E53-FD5E-4744-8334-57AD7556DDED}.Release|Any CPU.Build.0 = Release|Any CPU
	EndGlobalSection
	GlobalSection(SolutionProperties) = preSolution
		HideSolutionNode = FALSE
	EndGlobalSection
	GlobalSection(ExtensibilityGlobals) = postSolution
		SolutionGuid = {F8B9DD9D-EE9F-4E30-9215-344BAB78CDEF}
	EndGlobalSection
EndGlobal
