
Microsoft Visual Studio Solution File, Format Version 12.00
# Visual Studio Version 17
VisualStudioVersion = 17.2.32505.173
MinimumVisualStudioVersion = 10.0.40219.1
Project("{9A19103F-16F7-4668-BE54-9A1E7A4F7556}") = "AsbtractFactory", "AsbtractFactory\AsbtractFactory.csproj", "{3866E0EB-3289-4825-9FB9-E3C42981F7B4}"
	ProjectSection(ProjectDependencies) = postProject
		{DB4037F3-E1DD-4B7E-9672-899624E67655} = {DB4037F3-E1DD-4B7E-9672-899624E67655}
	EndProjectSection
EndProject
Project("{9A19103F-16F7-4668-BE54-9A1E7A4F7556}") = "Classes", "Classes\Classes.csproj", "{DB4037F3-E1DD-4B7E-9672-899624E67655}"
EndProject
Project("{9A19103F-16F7-4668-BE54-9A1E7A4F7556}") = "Builder", "Builder\Builder.csproj", "{0FB04E53-FD5E-4744-8334-57AD7556DDED}"
	ProjectSection(ProjectDependencies) = postProject
		{DB4037F3-E1DD-4B7E-9672-899624E67655} = {DB4037F3-E1DD-4B7E-9672-899624E67655}
	EndProjectSection
EndProject
Project("{9A19103F-16F7-4668-BE54-9A1E7A4F7556}") = "FactoryMethod", "FactoryMethod\FactoryMethod.csproj", "{E8C8C2D7-5ED5-4AD5-856E-DBDDC1BD96DD}"
	ProjectSection(ProjectDependencies) = postProject
		{DB4037F3-E1DD-4B7E-9672-899624E67655} = {DB4037F3-E1DD-4B7E-9672-899624E67655}
	EndProjectSection
EndProject
Project("{9A19103F-16F7-4668-BE54-9A1E7A4F7556}") = "Prototype", "Prototype\Prototype.csproj", "{F07A91A0-BC22-4DD0-94A2-C7DB59886DD4}"
EndProject
Project("{9A19103F-16F7-4668-BE54-9A1E7A4F7556}") = "Singleton", "Singleton\Singleton.csproj", "{69C5DEBB-BEFE-4F8E-95CB-92CF4D69E4F2}"
EndProject
Project("{2150E333-8FDC-42A3-9474-1A3956D46DE8}") = "GenerativePaterns", "GenerativePaterns", "{9B724166-F084-4FEC-8937-4442A6727EEA}"
EndProject
Project("{2150E333-8FDC-42A3-9474-1A3956D46DE8}") = "StructuralPaterns", "StructuralPaterns", "{53A4D0F3-200C-41D4-BF74-7FC284011F82}"
EndProject
Project("{9A19103F-16F7-4668-BE54-9A1E7A4F7556}") = "Adapter", "Adapter\Adapter.csproj", "{D198339F-F2BF-4FFF-9FDD-4F3B9AF7F498}"
EndProject
Project("{9A19103F-16F7-4668-BE54-9A1E7A4F7556}") = "RemoteControlClassLibrary", "RemoteControlClassLibrary\RemoteControlClassLibrary.csproj", "{E432FFD4-D001-4D9D-BC20-A570D89E4CCA}"
EndProject
Project("{9A19103F-16F7-4668-BE54-9A1E7A4F7556}") = "Bridge", "Bridge\Bridge.csproj", "{3D4AA109-3774-4414-A1DC-A85764A22E64}"
EndProject
Project("{9A19103F-16F7-4668-BE54-9A1E7A4F7556}") = "Decorator", "Decorator\Decorator.csproj", "{E847D339-9ED0-43DF-A57F-632B83BE6509}"
EndProject
Project("{9A19103F-16F7-4668-BE54-9A1E7A4F7556}") = "Proxy", "Proxy\Proxy.csproj", "{F526BBEE-6564-48C9-96F6-8277263368DD}"
EndProject
Project("{9A19103F-16F7-4668-BE54-9A1E7A4F7556}") = "Facade", "Facade\Facade.csproj", "{523D0B88-C98C-4B3E-B895-E939DE1D850F}"
EndProject
Project("{9A19103F-16F7-4668-BE54-9A1E7A4F7556}") = "Composite", "Composite\Composite.csproj", "{6AAD563B-9F1F-4A7C-9B4A-7851B72EF9A4}"
EndProject
Project("{2150E333-8FDC-42A3-9474-1A3956D46DE8}") = "BehaviorPatterns", "BehaviorPatterns", "{166E4F2B-05AC-4AA8-8D48-B31805685D2A}"
EndProject
Project("{9A19103F-16F7-4668-BE54-9A1E7A4F7556}") = "ChainOfResponsibility", "ChainOfResponsibility\ChainOfResponsibility.csproj", "{B6274FC1-7F16-43C3-9842-D1ADF7DF1D9F}"
EndProject
Project("{FAE04EC0-301F-11D3-BF4B-00C04F79EFBC}") = "Command", "Command\Command.csproj", "{2FBE77BC-250E-4F34-9225-B155A8742BE3}"
EndProject
Project("{FAE04EC0-301F-11D3-BF4B-00C04F79EFBC}") = "Mediator", "Mediator\Mediator.csproj", "{B01DCE48-855C-4042-9718-3C6F03D815FA}"
EndProject
Project("{FAE04EC0-301F-11D3-BF4B-00C04F79EFBC}") = "Memento", "Memento\Memento.csproj", "{2489BBCB-BB4A-43B5-8F62-7B002E20E55A}"
EndProject
Global
	GlobalSection(SolutionConfigurationPlatforms) = preSolution
		Debug|Any CPU = Debug|Any CPU
		Release|Any CPU = Release|Any CPU
	EndGlobalSection
	GlobalSection(ProjectConfigurationPlatforms) = postSolution
		{3866E0EB-3289-4825-9FB9-E3C42981F7B4}.Debug|Any CPU.ActiveCfg = Debug|Any CPU
		{3866E0EB-3289-4825-9FB9-E3C42981F7B4}.Debug|Any CPU.Build.0 = Debug|Any CPU
		{3866E0EB-3289-4825-9FB9-E3C42981F7B4}.Release|Any CPU.ActiveCfg = Release|Any CPU
		{3866E0EB-3289-4825-9FB9-E3C42981F7B4}.Release|Any CPU.Build.0 = Release|Any CPU
		{DB4037F3-E1DD-4B7E-9672-899624E67655}.Debug|Any CPU.ActiveCfg = Debug|Any CPU
		{DB4037F3-E1DD-4B7E-9672-899624E67655}.Debug|Any CPU.Build.0 = Debug|Any CPU
		{DB4037F3-E1DD-4B7E-9672-899624E67655}.Release|Any CPU.ActiveCfg = Release|Any CPU
		{DB4037F3-E1DD-4B7E-9672-899624E67655}.Release|Any CPU.Build.0 = Release|Any CPU
		{0FB04E53-FD5E-4744-8334-57AD7556DDED}.Debug|Any CPU.ActiveCfg = Debug|Any CPU
		{0FB04E53-FD5E-4744-8334-57AD7556DDED}.Debug|Any CPU.Build.0 = Debug|Any CPU
		{0FB04E53-FD5E-4744-8334-57AD7556DDED}.Release|Any CPU.ActiveCfg = Release|Any CPU
		{0FB04E53-FD5E-4744-8334-57AD7556DDED}.Release|Any CPU.Build.0 = Release|Any CPU
		{E8C8C2D7-5ED5-4AD5-856E-DBDDC1BD96DD}.Debug|Any CPU.ActiveCfg = Debug|Any CPU
		{E8C8C2D7-5ED5-4AD5-856E-DBDDC1BD96DD}.Debug|Any CPU.Build.0 = Debug|Any CPU
		{E8C8C2D7-5ED5-4AD5-856E-DBDDC1BD96DD}.Release|Any CPU.ActiveCfg = Release|Any CPU
		{E8C8C2D7-5ED5-4AD5-856E-DBDDC1BD96DD}.Release|Any CPU.Build.0 = Release|Any CPU
		{F07A91A0-BC22-4DD0-94A2-C7DB59886DD4}.Debug|Any CPU.ActiveCfg = Debug|Any CPU
		{F07A91A0-BC22-4DD0-94A2-C7DB59886DD4}.Debug|Any CPU.Build.0 = Debug|Any CPU
		{F07A91A0-BC22-4DD0-94A2-C7DB59886DD4}.Release|Any CPU.ActiveCfg = Release|Any CPU
		{F07A91A0-BC22-4DD0-94A2-C7DB59886DD4}.Release|Any CPU.Build.0 = Release|Any CPU
		{69C5DEBB-BEFE-4F8E-95CB-92CF4D69E4F2}.Debug|Any CPU.ActiveCfg = Debug|Any CPU
		{69C5DEBB-BEFE-4F8E-95CB-92CF4D69E4F2}.Debug|Any CPU.Build.0 = Debug|Any CPU
		{69C5DEBB-BEFE-4F8E-95CB-92CF4D69E4F2}.Release|Any CPU.ActiveCfg = Release|Any CPU
		{69C5DEBB-BEFE-4F8E-95CB-92CF4D69E4F2}.Release|Any CPU.Build.0 = Release|Any CPU
		{D198339F-F2BF-4FFF-9FDD-4F3B9AF7F498}.Debug|Any CPU.ActiveCfg = Debug|Any CPU
		{D198339F-F2BF-4FFF-9FDD-4F3B9AF7F498}.Debug|Any CPU.Build.0 = Debug|Any CPU
		{D198339F-F2BF-4FFF-9FDD-4F3B9AF7F498}.Release|Any CPU.ActiveCfg = Release|Any CPU
		{D198339F-F2BF-4FFF-9FDD-4F3B9AF7F498}.Release|Any CPU.Build.0 = Release|Any CPU
		{E432FFD4-D001-4D9D-BC20-A570D89E4CCA}.Debug|Any CPU.ActiveCfg = Debug|Any CPU
		{E432FFD4-D001-4D9D-BC20-A570D89E4CCA}.Debug|Any CPU.Build.0 = Debug|Any CPU
		{E432FFD4-D001-4D9D-BC20-A570D89E4CCA}.Release|Any CPU.ActiveCfg = Release|Any CPU
		{E432FFD4-D001-4D9D-BC20-A570D89E4CCA}.Release|Any CPU.Build.0 = Release|Any CPU
		{3D4AA109-3774-4414-A1DC-A85764A22E64}.Debug|Any CPU.ActiveCfg = Debug|Any CPU
		{3D4AA109-3774-4414-A1DC-A85764A22E64}.Debug|Any CPU.Build.0 = Debug|Any CPU
		{3D4AA109-3774-4414-A1DC-A85764A22E64}.Release|Any CPU.ActiveCfg = Release|Any CPU
		{3D4AA109-3774-4414-A1DC-A85764A22E64}.Release|Any CPU.Build.0 = Release|Any CPU
		{E847D339-9ED0-43DF-A57F-632B83BE6509}.Debug|Any CPU.ActiveCfg = Debug|Any CPU
		{E847D339-9ED0-43DF-A57F-632B83BE6509}.Debug|Any CPU.Build.0 = Debug|Any CPU
		{E847D339-9ED0-43DF-A57F-632B83BE6509}.Release|Any CPU.ActiveCfg = Release|Any CPU
		{E847D339-9ED0-43DF-A57F-632B83BE6509}.Release|Any CPU.Build.0 = Release|Any CPU
		{F526BBEE-6564-48C9-96F6-8277263368DD}.Debug|Any CPU.ActiveCfg = Debug|Any CPU
		{F526BBEE-6564-48C9-96F6-8277263368DD}.Debug|Any CPU.Build.0 = Debug|Any CPU
		{F526BBEE-6564-48C9-96F6-8277263368DD}.Release|Any CPU.ActiveCfg = Release|Any CPU
		{F526BBEE-6564-48C9-96F6-8277263368DD}.Release|Any CPU.Build.0 = Release|Any CPU
		{523D0B88-C98C-4B3E-B895-E939DE1D850F}.Debug|Any CPU.ActiveCfg = Debug|Any CPU
		{523D0B88-C98C-4B3E-B895-E939DE1D850F}.Debug|Any CPU.Build.0 = Debug|Any CPU
		{523D0B88-C98C-4B3E-B895-E939DE1D850F}.Release|Any CPU.ActiveCfg = Release|Any CPU
		{523D0B88-C98C-4B3E-B895-E939DE1D850F}.Release|Any CPU.Build.0 = Release|Any CPU
		{6AAD563B-9F1F-4A7C-9B4A-7851B72EF9A4}.Debug|Any CPU.ActiveCfg = Debug|Any CPU
		{6AAD563B-9F1F-4A7C-9B4A-7851B72EF9A4}.Debug|Any CPU.Build.0 = Debug|Any CPU
		{6AAD563B-9F1F-4A7C-9B4A-7851B72EF9A4}.Release|Any CPU.ActiveCfg = Release|Any CPU
		{6AAD563B-9F1F-4A7C-9B4A-7851B72EF9A4}.Release|Any CPU.Build.0 = Release|Any CPU
		{B6274FC1-7F16-43C3-9842-D1ADF7DF1D9F}.Debug|Any CPU.ActiveCfg = Debug|Any CPU
		{B6274FC1-7F16-43C3-9842-D1ADF7DF1D9F}.Debug|Any CPU.Build.0 = Debug|Any CPU
		{B6274FC1-7F16-43C3-9842-D1ADF7DF1D9F}.Release|Any CPU.ActiveCfg = Release|Any CPU
		{B6274FC1-7F16-43C3-9842-D1ADF7DF1D9F}.Release|Any CPU.Build.0 = Release|Any CPU
		{2FBE77BC-250E-4F34-9225-B155A8742BE3}.Debug|Any CPU.ActiveCfg = Debug|Any CPU
		{2FBE77BC-250E-4F34-9225-B155A8742BE3}.Debug|Any CPU.Build.0 = Debug|Any CPU
		{2FBE77BC-250E-4F34-9225-B155A8742BE3}.Release|Any CPU.ActiveCfg = Release|Any CPU
		{2FBE77BC-250E-4F34-9225-B155A8742BE3}.Release|Any CPU.Build.0 = Release|Any CPU
		{B01DCE48-855C-4042-9718-3C6F03D815FA}.Debug|Any CPU.ActiveCfg = Debug|Any CPU
		{B01DCE48-855C-4042-9718-3C6F03D815FA}.Debug|Any CPU.Build.0 = Debug|Any CPU
		{B01DCE48-855C-4042-9718-3C6F03D815FA}.Release|Any CPU.ActiveCfg = Release|Any CPU
		{B01DCE48-855C-4042-9718-3C6F03D815FA}.Release|Any CPU.Build.0 = Release|Any CPU
		{2489BBCB-BB4A-43B5-8F62-7B002E20E55A}.Debug|Any CPU.ActiveCfg = Debug|Any CPU
		{2489BBCB-BB4A-43B5-8F62-7B002E20E55A}.Debug|Any CPU.Build.0 = Debug|Any CPU
		{2489BBCB-BB4A-43B5-8F62-7B002E20E55A}.Release|Any CPU.ActiveCfg = Release|Any CPU
		{2489BBCB-BB4A-43B5-8F62-7B002E20E55A}.Release|Any CPU.Build.0 = Release|Any CPU
	EndGlobalSection
	GlobalSection(SolutionProperties) = preSolution
		HideSolutionNode = FALSE
	EndGlobalSection
	GlobalSection(NestedProjects) = preSolution
		{3866E0EB-3289-4825-9FB9-E3C42981F7B4} = {9B724166-F084-4FEC-8937-4442A6727EEA}
		{DB4037F3-E1DD-4B7E-9672-899624E67655} = {9B724166-F084-4FEC-8937-4442A6727EEA}
		{0FB04E53-FD5E-4744-8334-57AD7556DDED} = {9B724166-F084-4FEC-8937-4442A6727EEA}
		{E8C8C2D7-5ED5-4AD5-856E-DBDDC1BD96DD} = {9B724166-F084-4FEC-8937-4442A6727EEA}
		{F07A91A0-BC22-4DD0-94A2-C7DB59886DD4} = {9B724166-F084-4FEC-8937-4442A6727EEA}
		{69C5DEBB-BEFE-4F8E-95CB-92CF4D69E4F2} = {9B724166-F084-4FEC-8937-4442A6727EEA}
		{D198339F-F2BF-4FFF-9FDD-4F3B9AF7F498} = {53A4D0F3-200C-41D4-BF74-7FC284011F82}
		{E432FFD4-D001-4D9D-BC20-A570D89E4CCA} = {53A4D0F3-200C-41D4-BF74-7FC284011F82}
		{3D4AA109-3774-4414-A1DC-A85764A22E64} = {53A4D0F3-200C-41D4-BF74-7FC284011F82}
		{E847D339-9ED0-43DF-A57F-632B83BE6509} = {53A4D0F3-200C-41D4-BF74-7FC284011F82}
		{F526BBEE-6564-48C9-96F6-8277263368DD} = {53A4D0F3-200C-41D4-BF74-7FC284011F82}
		{523D0B88-C98C-4B3E-B895-E939DE1D850F} = {53A4D0F3-200C-41D4-BF74-7FC284011F82}
		{6AAD563B-9F1F-4A7C-9B4A-7851B72EF9A4} = {53A4D0F3-200C-41D4-BF74-7FC284011F82}
		{B6274FC1-7F16-43C3-9842-D1ADF7DF1D9F} = {166E4F2B-05AC-4AA8-8D48-B31805685D2A}
		{2FBE77BC-250E-4F34-9225-B155A8742BE3} = {166E4F2B-05AC-4AA8-8D48-B31805685D2A}
		{B01DCE48-855C-4042-9718-3C6F03D815FA} = {166E4F2B-05AC-4AA8-8D48-B31805685D2A}
		{2489BBCB-BB4A-43B5-8F62-7B002E20E55A} = {166E4F2B-05AC-4AA8-8D48-B31805685D2A}
	EndGlobalSection
	GlobalSection(ExtensibilityGlobals) = postSolution
		SolutionGuid = {F8B9DD9D-EE9F-4E30-9215-344BAB78CDEF}
	EndGlobalSection
EndGlobal
